
Microsoft Visual Studio Solution File, Format Version 12.00
# Visual Studio Version 16
VisualStudioVersion = 16.0.31019.35
MinimumVisualStudioVersion = 10.0.40219.1
Project("{2150E333-8FDC-42A3-9474-1A3956D46DE8}") = "Services", "Services", "{841E099E-3CDB-426C-9A66-61B5077AE4CD}"
EndProject
Project("{2150E333-8FDC-42A3-9474-1A3956D46DE8}") = "Catalog", "Catalog", "{A14E885B-8E4C-44A2-980F-7B5C2F45CF08}"
EndProject
Project("{9A19103F-16F7-4668-BE54-9A1E7A4F7556}") = "Catalog.API", "Services\Catalog\Catalog.API\Catalog.API.csproj", "{BEA2A3F0-71C1-48DC-9252-C7F68A075A19}"
EndProject
Project("{2150E333-8FDC-42A3-9474-1A3956D46DE8}") = "Basket", "Basket", "{FF2792AB-D40F-4907-B22A-7EE13785E491}"
EndProject
Project("{9A19103F-16F7-4668-BE54-9A1E7A4F7556}") = "Basket.API", "Services\Basket\Basket.API\Basket.API.csproj", "{FAEAD186-A4C0-40FF-A688-C2DDA2CFE4DA}"
EndProject
Project("{E53339B2-1760-4266-BCC7-CA923CBCF16C}") = "docker-compose", "docker-compose.dcproj", "{502D11AB-6EFE-46C5-9DA7-E0E50B202558}"
EndProject
Project("{2150E333-8FDC-42A3-9474-1A3956D46DE8}") = "Discount", "Discount", "{18918760-8711-4326-9985-11874025B9F7}"
EndProject
Project("{9A19103F-16F7-4668-BE54-9A1E7A4F7556}") = "Discout.API", "Discount\Discout.API\Discout.API\Discout.API.csproj", "{59D6EA90-A01C-467C-8417-203E96D3A696}"
EndProject
Project("{2150E333-8FDC-42A3-9474-1A3956D46DE8}") = "ApiGateway", "ApiGateway", "{BCC93F1B-6CB7-4CF1-BE78-2B7E561FF548}"
EndProject
Project("{9A19103F-16F7-4668-BE54-9A1E7A4F7556}") = "Disscount.Grpcs", "..\Services\Discount\Disscount.Grpcs\Disscount.Grpcs.csproj", "{CF7D4D7A-228E-494B-8BC0-433B1E7E6348}"
EndProject
Project("{2150E333-8FDC-42A3-9474-1A3956D46DE8}") = "Ordering", "Ordering", "{3197C0D9-1C96-444A-9A1D-5358B64C2418}"
EndProject
Project("{9A19103F-16F7-4668-BE54-9A1E7A4F7556}") = "Ordering.API", "Services\Ordering.API\Ordering.API.csproj", "{F8601CCA-AC9C-41B7-A8F7-E147C58D74F6}"
EndProject
Project("{9A19103F-16F7-4668-BE54-9A1E7A4F7556}") = "Ordering.Application", "Services\Ordering.Application\Ordering.Application.csproj", "{6F5AC5B4-3AD8-4F5E-8F28-A03637B84C55}"
EndProject
Project("{9A19103F-16F7-4668-BE54-9A1E7A4F7556}") = "Ordering.Domain", "Services\Ordering.Domain\Ordering.Domain.csproj", "{124A5D93-E8DF-44C5-AF35-3F1B020CABB4}"
EndProject
Project("{9A19103F-16F7-4668-BE54-9A1E7A4F7556}") = "Ordering.Infrastructure", "Services\Ordering.Infrastructure\Ordering.Infrastructure.csproj", "{6D400C91-C989-4D6E-9F0A-637CCDA59D1A}"
EndProject
Project("{2150E333-8FDC-42A3-9474-1A3956D46DE8}") = "BuildingBlocks", "BuildingBlocks", "{85C3CB3F-6E49-4603-80CE-F0C826F4B074}"
EndProject
Project("{9A19103F-16F7-4668-BE54-9A1E7A4F7556}") = "EventBus.Messages", "BuildingBlocks\EventBus.Messages\EventBus.Messages.csproj", "{DC95C30A-FBDB-4EBF-8BEB-32B191400133}"
EndProject
Project("{9A19103F-16F7-4668-BE54-9A1E7A4F7556}") = "OcelotApiGw", "Services\APIGateway\OcelotApiGw\OcelotApiGw.csproj", "{64D8D2BB-F17F-4C5B-A495-39273573EE67}"
EndProject
Project("{9A19103F-16F7-4668-BE54-9A1E7A4F7556}") = "Shopping.Aggregator", "Services\APIGateway\Shopping.Aggregator\Shopping.Aggregator.csproj", "{0D19ACA4-CBAA-49DE-A39F-9439BBBA0C77}"
EndProject
Project("{2150E333-8FDC-42A3-9474-1A3956D46DE8}") = "WebApps", "WebApps", "{4BB5A91E-2E28-4792-8994-33FE754F3840}"
EndProject
Project("{9A19103F-16F7-4668-BE54-9A1E7A4F7556}") = "AspnetRunBasics", "WebApps\AspnetRunBasics\AspnetRunBasics.csproj", "{9C1CCD8E-6CEC-491A-BD3B-3CB86B879497}"
EndProject
Global
	GlobalSection(SolutionConfigurationPlatforms) = preSolution
		Debug|Any CPU = Debug|Any CPU
		Release|Any CPU = Release|Any CPU
	EndGlobalSection
	GlobalSection(ProjectConfigurationPlatforms) = postSolution
		{BEA2A3F0-71C1-48DC-9252-C7F68A075A19}.Debug|Any CPU.ActiveCfg = Debug|Any CPU
		{BEA2A3F0-71C1-48DC-9252-C7F68A075A19}.Debug|Any CPU.Build.0 = Debug|Any CPU
		{BEA2A3F0-71C1-48DC-9252-C7F68A075A19}.Release|Any CPU.ActiveCfg = Release|Any CPU
		{BEA2A3F0-71C1-48DC-9252-C7F68A075A19}.Release|Any CPU.Build.0 = Release|Any CPU
		{FAEAD186-A4C0-40FF-A688-C2DDA2CFE4DA}.Debug|Any CPU.ActiveCfg = Debug|Any CPU
		{FAEAD186-A4C0-40FF-A688-C2DDA2CFE4DA}.Debug|Any CPU.Build.0 = Debug|Any CPU
		{FAEAD186-A4C0-40FF-A688-C2DDA2CFE4DA}.Release|Any CPU.ActiveCfg = Release|Any CPU
		{FAEAD186-A4C0-40FF-A688-C2DDA2CFE4DA}.Release|Any CPU.Build.0 = Release|Any CPU
		{502D11AB-6EFE-46C5-9DA7-E0E50B202558}.Debug|Any CPU.ActiveCfg = Debug|Any CPU
		{502D11AB-6EFE-46C5-9DA7-E0E50B202558}.Debug|Any CPU.Build.0 = Debug|Any CPU
		{502D11AB-6EFE-46C5-9DA7-E0E50B202558}.Release|Any CPU.ActiveCfg = Release|Any CPU
		{502D11AB-6EFE-46C5-9DA7-E0E50B202558}.Release|Any CPU.Build.0 = Release|Any CPU
		{59D6EA90-A01C-467C-8417-203E96D3A696}.Debug|Any CPU.ActiveCfg = Debug|Any CPU
		{59D6EA90-A01C-467C-8417-203E96D3A696}.Debug|Any CPU.Build.0 = Debug|Any CPU
		{59D6EA90-A01C-467C-8417-203E96D3A696}.Release|Any CPU.ActiveCfg = Release|Any CPU
		{59D6EA90-A01C-467C-8417-203E96D3A696}.Release|Any CPU.Build.0 = Release|Any CPU
		{CF7D4D7A-228E-494B-8BC0-433B1E7E6348}.Debug|Any CPU.ActiveCfg = Debug|Any CPU
		{CF7D4D7A-228E-494B-8BC0-433B1E7E6348}.Debug|Any CPU.Build.0 = Debug|Any CPU
		{CF7D4D7A-228E-494B-8BC0-433B1E7E6348}.Release|Any CPU.ActiveCfg = Release|Any CPU
		{CF7D4D7A-228E-494B-8BC0-433B1E7E6348}.Release|Any CPU.Build.0 = Release|Any CPU
		{F8601CCA-AC9C-41B7-A8F7-E147C58D74F6}.Debug|Any CPU.ActiveCfg = Debug|Any CPU
		{F8601CCA-AC9C-41B7-A8F7-E147C58D74F6}.Debug|Any CPU.Build.0 = Debug|Any CPU
		{F8601CCA-AC9C-41B7-A8F7-E147C58D74F6}.Release|Any CPU.ActiveCfg = Release|Any CPU
		{F8601CCA-AC9C-41B7-A8F7-E147C58D74F6}.Release|Any CPU.Build.0 = Release|Any CPU
		{6F5AC5B4-3AD8-4F5E-8F28-A03637B84C55}.Debug|Any CPU.ActiveCfg = Debug|Any CPU
		{6F5AC5B4-3AD8-4F5E-8F28-A03637B84C55}.Debug|Any CPU.Build.0 = Debug|Any CPU
		{6F5AC5B4-3AD8-4F5E-8F28-A03637B84C55}.Release|Any CPU.ActiveCfg = Release|Any CPU
		{6F5AC5B4-3AD8-4F5E-8F28-A03637B84C55}.Release|Any CPU.Build.0 = Release|Any CPU
		{124A5D93-E8DF-44C5-AF35-3F1B020CABB4}.Debug|Any CPU.ActiveCfg = Debug|Any CPU
		{124A5D93-E8DF-44C5-AF35-3F1B020CABB4}.Debug|Any CPU.Build.0 = Debug|Any CPU
		{124A5D93-E8DF-44C5-AF35-3F1B020CABB4}.Release|Any CPU.ActiveCfg = Release|Any CPU
		{124A5D93-E8DF-44C5-AF35-3F1B020CABB4}.Release|Any CPU.Build.0 = Release|Any CPU
		{6D400C91-C989-4D6E-9F0A-637CCDA59D1A}.Debug|Any CPU.ActiveCfg = Debug|Any CPU
		{6D400C91-C989-4D6E-9F0A-637CCDA59D1A}.Debug|Any CPU.Build.0 = Debug|Any CPU
		{6D400C91-C989-4D6E-9F0A-637CCDA59D1A}.Release|Any CPU.ActiveCfg = Release|Any CPU
		{6D400C91-C989-4D6E-9F0A-637CCDA59D1A}.Release|Any CPU.Build.0 = Release|Any CPU
		{DC95C30A-FBDB-4EBF-8BEB-32B191400133}.Debug|Any CPU.ActiveCfg = Debug|Any CPU
		{DC95C30A-FBDB-4EBF-8BEB-32B191400133}.Debug|Any CPU.Build.0 = Debug|Any CPU
		{DC95C30A-FBDB-4EBF-8BEB-32B191400133}.Release|Any CPU.ActiveCfg = Release|Any CPU
		{DC95C30A-FBDB-4EBF-8BEB-32B191400133}.Release|Any CPU.Build.0 = Release|Any CPU
		{64D8D2BB-F17F-4C5B-A495-39273573EE67}.Debug|Any CPU.ActiveCfg = Debug|Any CPU
		{64D8D2BB-F17F-4C5B-A495-39273573EE67}.Debug|Any CPU.Build.0 = Debug|Any CPU
		{64D8D2BB-F17F-4C5B-A495-39273573EE67}.Release|Any CPU.ActiveCfg = Release|Any CPU
		{64D8D2BB-F17F-4C5B-A495-39273573EE67}.Release|Any CPU.Build.0 = Release|Any CPU
		{0D19ACA4-CBAA-49DE-A39F-9439BBBA0C77}.Debug|Any CPU.ActiveCfg = Debug|Any CPU
		{0D19ACA4-CBAA-49DE-A39F-9439BBBA0C77}.Debug|Any CPU.Build.0 = Debug|Any CPU
		{0D19ACA4-CBAA-49DE-A39F-9439BBBA0C77}.Release|Any CPU.ActiveCfg = Release|Any CPU
		{0D19ACA4-CBAA-49DE-A39F-9439BBBA0C77}.Release|Any CPU.Build.0 = Release|Any CPU
		{9C1CCD8E-6CEC-491A-BD3B-3CB86B879497}.Debug|Any CPU.ActiveCfg = Debug|Any CPU
		{9C1CCD8E-6CEC-491A-BD3B-3CB86B879497}.Debug|Any CPU.Build.0 = Debug|Any CPU
		{9C1CCD8E-6CEC-491A-BD3B-3CB86B879497}.Release|Any CPU.ActiveCfg = Release|Any CPU
		{9C1CCD8E-6CEC-491A-BD3B-3CB86B879497}.Release|Any CPU.Build.0 = Release|Any CPU
	EndGlobalSection
	GlobalSection(SolutionProperties) = preSolution
		HideSolutionNode = FALSE
	EndGlobalSection
	GlobalSection(NestedProjects) = preSolution
		{A14E885B-8E4C-44A2-980F-7B5C2F45CF08} = {841E099E-3CDB-426C-9A66-61B5077AE4CD}
		{BEA2A3F0-71C1-48DC-9252-C7F68A075A19} = {A14E885B-8E4C-44A2-980F-7B5C2F45CF08}
		{FF2792AB-D40F-4907-B22A-7EE13785E491} = {841E099E-3CDB-426C-9A66-61B5077AE4CD}
		{FAEAD186-A4C0-40FF-A688-C2DDA2CFE4DA} = {FF2792AB-D40F-4907-B22A-7EE13785E491}
		{18918760-8711-4326-9985-11874025B9F7} = {841E099E-3CDB-426C-9A66-61B5077AE4CD}
		{59D6EA90-A01C-467C-8417-203E96D3A696} = {18918760-8711-4326-9985-11874025B9F7}
		{BCC93F1B-6CB7-4CF1-BE78-2B7E561FF548} = {841E099E-3CDB-426C-9A66-61B5077AE4CD}
		{CF7D4D7A-228E-494B-8BC0-433B1E7E6348} = {18918760-8711-4326-9985-11874025B9F7}
		{3197C0D9-1C96-444A-9A1D-5358B64C2418} = {841E099E-3CDB-426C-9A66-61B5077AE4CD}
		{F8601CCA-AC9C-41B7-A8F7-E147C58D74F6} = {3197C0D9-1C96-444A-9A1D-5358B64C2418}
		{6F5AC5B4-3AD8-4F5E-8F28-A03637B84C55} = {3197C0D9-1C96-444A-9A1D-5358B64C2418}
		{124A5D93-E8DF-44C5-AF35-3F1B020CABB4} = {3197C0D9-1C96-444A-9A1D-5358B64C2418}
		{6D400C91-C989-4D6E-9F0A-637CCDA59D1A} = {3197C0D9-1C96-444A-9A1D-5358B64C2418}
		{DC95C30A-FBDB-4EBF-8BEB-32B191400133} = {85C3CB3F-6E49-4603-80CE-F0C826F4B074}
		{64D8D2BB-F17F-4C5B-A495-39273573EE67} = {BCC93F1B-6CB7-4CF1-BE78-2B7E561FF548}
		{0D19ACA4-CBAA-49DE-A39F-9439BBBA0C77} = {BCC93F1B-6CB7-4CF1-BE78-2B7E561FF548}
		{9C1CCD8E-6CEC-491A-BD3B-3CB86B879497} = {4BB5A91E-2E28-4792-8994-33FE754F3840}
	EndGlobalSection
	GlobalSection(ExtensibilityGlobals) = postSolution
		SolutionGuid = {AE866E49-7ABE-4C76-9FBD-C938F01E4EA6}
	EndGlobalSection
EndGlobal
